
Microsoft Visual Studio Solution File, Format Version 12.00
# Visual Studio Version 17
VisualStudioVersion = 17.4.33205.214
MinimumVisualStudioVersion = 10.0.40219.1
Project("{FAE04EC0-301F-11D3-BF4B-00C04F79EFBC}") = "Exerc_240_LINQ", "Exerc_240_LINQ\Exerc_240_LINQ.csproj", "{B0259CA2-9544-45C0-9763-34697E3475BE}"
EndProject
Global
	GlobalSection(SolutionConfigurationPlatforms) = preSolution
		Debug|Any CPU = Debug|Any CPU
		Release|Any CPU = Release|Any CPU
	EndGlobalSection
	GlobalSection(ProjectConfigurationPlatforms) = postSolution
		{B0259CA2-9544-45C0-9763-34697E3475BE}.Debug|Any CPU.ActiveCfg = Debug|Any CPU
		{B0259CA2-9544-45C0-9763-34697E3475BE}.Debug|Any CPU.Build.0 = Debug|Any CPU
		{B0259CA2-9544-45C0-9763-34697E3475BE}.Release|Any CPU.ActiveCfg = Release|Any CPU
		{B0259CA2-9544-45C0-9763-34697E3475BE}.Release|Any CPU.Build.0 = Release|Any CPU
	EndGlobalSection
	GlobalSection(SolutionProperties) = preSolution
		HideSolutionNode = FALSE
	EndGlobalSection
	GlobalSection(ExtensibilityGlobals) = postSolution
		SolutionGuid = {FE6E7F76-5D92-4AB5-91D0-8A99665489A4}
	EndGlobalSection
EndGlobal
