
Microsoft Visual Studio Solution File, Format Version 12.00
# Visual Studio Version 16
VisualStudioVersion = 16.0.33130.400
MinimumVisualStudioVersion = 10.0.40219.1
Project("{FAE04EC0-301F-11D3-BF4B-00C04F79EFBC}") = "StreamWriter_198", "StreamWriter_198\StreamWriter_198.csproj", "{36E33C7B-7A8F-41FA-AC62-6DB75EBEE368}"
EndProject
Global
	GlobalSection(SolutionConfigurationPlatforms) = preSolution
		Debug|Any CPU = Debug|Any CPU
		Release|Any CPU = Release|Any CPU
	EndGlobalSection
	GlobalSection(ProjectConfigurationPlatforms) = postSolution
		{36E33C7B-7A8F-41FA-AC62-6DB75EBEE368}.Debug|Any CPU.ActiveCfg = Debug|Any CPU
		{36E33C7B-7A8F-41FA-AC62-6DB75EBEE368}.Debug|Any CPU.Build.0 = Debug|Any CPU
		{36E33C7B-7A8F-41FA-AC62-6DB75EBEE368}.Release|Any CPU.ActiveCfg = Release|Any CPU
		{36E33C7B-7A8F-41FA-AC62-6DB75EBEE368}.Release|Any CPU.Build.0 = Release|Any CPU
	EndGlobalSection
	GlobalSection(SolutionProperties) = preSolution
		HideSolutionNode = FALSE
	EndGlobalSection
	GlobalSection(ExtensibilityGlobals) = postSolution
		SolutionGuid = {03820E35-5DB0-4FE8-98B6-F791996695D2}
	EndGlobalSection
EndGlobal
