
Microsoft Visual Studio Solution File, Format Version 12.00
# Visual Studio Version 17
VisualStudioVersion = 17.4.33205.214
MinimumVisualStudioVersion = 10.0.40219.1
Project("{FAE04EC0-301F-11D3-BF4B-00C04F79EFBC}") = "Exec_233_Action_ForEach", "Exec_233_Action_ForEach\Exec_233_Action_ForEach.csproj", "{3FA0DCFE-BFAA-4946-A815-D91EB9F9A5E1}"
EndProject
Global
	GlobalSection(SolutionConfigurationPlatforms) = preSolution
		Debug|Any CPU = Debug|Any CPU
		Release|Any CPU = Release|Any CPU
	EndGlobalSection
	GlobalSection(ProjectConfigurationPlatforms) = postSolution
		{3FA0DCFE-BFAA-4946-A815-D91EB9F9A5E1}.Debug|Any CPU.ActiveCfg = Debug|Any CPU
		{3FA0DCFE-BFAA-4946-A815-D91EB9F9A5E1}.Debug|Any CPU.Build.0 = Debug|Any CPU
		{3FA0DCFE-BFAA-4946-A815-D91EB9F9A5E1}.Release|Any CPU.ActiveCfg = Release|Any CPU
		{3FA0DCFE-BFAA-4946-A815-D91EB9F9A5E1}.Release|Any CPU.Build.0 = Release|Any CPU
	EndGlobalSection
	GlobalSection(SolutionProperties) = preSolution
		HideSolutionNode = FALSE
	EndGlobalSection
	GlobalSection(ExtensibilityGlobals) = postSolution
		SolutionGuid = {9B7D8E8E-5A8A-48D0-A216-9003446A1771}
	EndGlobalSection
EndGlobal
